
Microsoft Visual Studio Solution File, Format Version 12.00
# Visual Studio Version 17
VisualStudioVersion = 17.2.32630.192
MinimumVisualStudioVersion = 10.0.40219.1
Project("{FAE04EC0-301F-11D3-BF4B-00C04F79EFBC}") = "Ex01_01", "Ex01_01\Ex01_01.csproj", "{671DB2BE-73BE-4208-9F81-0651EB1481C4}"
EndProject
Project("{FAE04EC0-301F-11D3-BF4B-00C04F79EFBC}") = "Ex01_02", "Ex01_02\Ex01_02.csproj", "{ECAE4B52-E4FC-43B8-B0B9-760C8949DDC2}"
EndProject
Project("{FAE04EC0-301F-11D3-BF4B-00C04F79EFBC}") = "Ex01_03", "Ex01_03\Ex01_03.csproj", "{93455153-FD12-43CE-A4FF-CD014637AF08}"
EndProject
Project("{FAE04EC0-301F-11D3-BF4B-00C04F79EFBC}") = "Ex01_04", "Ex01_04\Ex01_04.csproj", "{94BC08C1-C907-4AE1-A3DF-5B07DA6BFF59}"
EndProject
Project("{FAE04EC0-301F-11D3-BF4B-00C04F79EFBC}") = "Ex01_05", "Ex01_05\Ex01_05.csproj", "{C30A2838-FF7E-4BE1-8E8D-C177F5C7D30E}"
EndProject
Project("{2150E333-8FDC-42A3-9474-1A3956D46DE8}") = "Solution Items", "Solution Items", "{8624F76C-B4E0-430D-9230-B026F4510C72}"
	ProjectSection(SolutionItems) = preProject
		.editorconfig = .editorconfig
	EndProjectSection
EndProject
Global
	GlobalSection(SolutionConfigurationPlatforms) = preSolution
		Debug|Any CPU = Debug|Any CPU
		Release|Any CPU = Release|Any CPU
	EndGlobalSection
	GlobalSection(ProjectConfigurationPlatforms) = postSolution
		{671DB2BE-73BE-4208-9F81-0651EB1481C4}.Debug|Any CPU.ActiveCfg = Debug|Any CPU
		{671DB2BE-73BE-4208-9F81-0651EB1481C4}.Debug|Any CPU.Build.0 = Debug|Any CPU
		{671DB2BE-73BE-4208-9F81-0651EB1481C4}.Release|Any CPU.ActiveCfg = Release|Any CPU
		{671DB2BE-73BE-4208-9F81-0651EB1481C4}.Release|Any CPU.Build.0 = Release|Any CPU
		{ECAE4B52-E4FC-43B8-B0B9-760C8949DDC2}.Debug|Any CPU.ActiveCfg = Debug|Any CPU
		{ECAE4B52-E4FC-43B8-B0B9-760C8949DDC2}.Debug|Any CPU.Build.0 = Debug|Any CPU
		{ECAE4B52-E4FC-43B8-B0B9-760C8949DDC2}.Release|Any CPU.ActiveCfg = Release|Any CPU
		{ECAE4B52-E4FC-43B8-B0B9-760C8949DDC2}.Release|Any CPU.Build.0 = Release|Any CPU
		{93455153-FD12-43CE-A4FF-CD014637AF08}.Debug|Any CPU.ActiveCfg = Debug|Any CPU
		{93455153-FD12-43CE-A4FF-CD014637AF08}.Debug|Any CPU.Build.0 = Debug|Any CPU
		{93455153-FD12-43CE-A4FF-CD014637AF08}.Release|Any CPU.ActiveCfg = Release|Any CPU
		{93455153-FD12-43CE-A4FF-CD014637AF08}.Release|Any CPU.Build.0 = Release|Any CPU
		{94BC08C1-C907-4AE1-A3DF-5B07DA6BFF59}.Debug|Any CPU.ActiveCfg = Debug|Any CPU
		{94BC08C1-C907-4AE1-A3DF-5B07DA6BFF59}.Debug|Any CPU.Build.0 = Debug|Any CPU
		{94BC08C1-C907-4AE1-A3DF-5B07DA6BFF59}.Release|Any CPU.ActiveCfg = Release|Any CPU
		{94BC08C1-C907-4AE1-A3DF-5B07DA6BFF59}.Release|Any CPU.Build.0 = Release|Any CPU
		{C30A2838-FF7E-4BE1-8E8D-C177F5C7D30E}.Debug|Any CPU.ActiveCfg = Debug|Any CPU
		{C30A2838-FF7E-4BE1-8E8D-C177F5C7D30E}.Debug|Any CPU.Build.0 = Debug|Any CPU
		{C30A2838-FF7E-4BE1-8E8D-C177F5C7D30E}.Release|Any CPU.ActiveCfg = Release|Any CPU
		{C30A2838-FF7E-4BE1-8E8D-C177F5C7D30E}.Release|Any CPU.Build.0 = Release|Any CPU
	EndGlobalSection
	GlobalSection(SolutionProperties) = preSolution
		HideSolutionNode = FALSE
	EndGlobalSection
	GlobalSection(ExtensibilityGlobals) = postSolution
		SolutionGuid = {0326C979-671D-4778-86E3-A6E63AB537D1}
	EndGlobalSection
EndGlobal
